
Microsoft Visual Studio Solution File, Format Version 12.00
# Visual Studio 15
VisualStudioVersion = 15.0.27428.2005
MinimumVisualStudioVersion = 10.0.40219.1
Project("{FAE04EC0-301F-11D3-BF4B-00C04F79EFBC}") = "IntegerOperations", "IntegerOperations\IntegerOperations.csproj", "{568F295F-9E18-4E62-A07C-BA16DA57107F}"
EndProject
Project("{FAE04EC0-301F-11D3-BF4B-00C04F79EFBC}") = "IntegerOperations.Tests", "IntegerOperations.Tests\IntegerOperations.Tests.csproj", "{42B0F5CB-CB1D-40E9-9630-FF78B3D3DCCA}"
EndProject
Project("{FAE04EC0-301F-11D3-BF4B-00C04F79EFBC}") = "ArrayUtil", "ArrayUtil\ArrayUtil.csproj", "{07EE5501-1AFF-42B4-B5B8-A1B5F1029A20}"
EndProject
Project("{FAE04EC0-301F-11D3-BF4B-00C04F79EFBC}") = "ArrayUtil.Tests", "ArrayUtil.Tests\ArrayUtil.Tests.csproj", "{39FB13D6-C969-4A63-A89B-3B2220A05F00}"
EndProject
Global
	GlobalSection(SolutionConfigurationPlatforms) = preSolution
		Debug|Any CPU = Debug|Any CPU
		Release|Any CPU = Release|Any CPU
	EndGlobalSection
	GlobalSection(ProjectConfigurationPlatforms) = postSolution
		{568F295F-9E18-4E62-A07C-BA16DA57107F}.Debug|Any CPU.ActiveCfg = Debug|Any CPU
		{568F295F-9E18-4E62-A07C-BA16DA57107F}.Debug|Any CPU.Build.0 = Debug|Any CPU
		{568F295F-9E18-4E62-A07C-BA16DA57107F}.Release|Any CPU.ActiveCfg = Release|Any CPU
		{568F295F-9E18-4E62-A07C-BA16DA57107F}.Release|Any CPU.Build.0 = Release|Any CPU
		{42B0F5CB-CB1D-40E9-9630-FF78B3D3DCCA}.Debug|Any CPU.ActiveCfg = Debug|Any CPU
		{42B0F5CB-CB1D-40E9-9630-FF78B3D3DCCA}.Debug|Any CPU.Build.0 = Debug|Any CPU
		{42B0F5CB-CB1D-40E9-9630-FF78B3D3DCCA}.Release|Any CPU.ActiveCfg = Release|Any CPU
		{42B0F5CB-CB1D-40E9-9630-FF78B3D3DCCA}.Release|Any CPU.Build.0 = Release|Any CPU
		{07EE5501-1AFF-42B4-B5B8-A1B5F1029A20}.Debug|Any CPU.ActiveCfg = Debug|Any CPU
		{07EE5501-1AFF-42B4-B5B8-A1B5F1029A20}.Debug|Any CPU.Build.0 = Debug|Any CPU
		{07EE5501-1AFF-42B4-B5B8-A1B5F1029A20}.Release|Any CPU.ActiveCfg = Release|Any CPU
		{07EE5501-1AFF-42B4-B5B8-A1B5F1029A20}.Release|Any CPU.Build.0 = Release|Any CPU
		{39FB13D6-C969-4A63-A89B-3B2220A05F00}.Debug|Any CPU.ActiveCfg = Debug|Any CPU
		{39FB13D6-C969-4A63-A89B-3B2220A05F00}.Debug|Any CPU.Build.0 = Debug|Any CPU
		{39FB13D6-C969-4A63-A89B-3B2220A05F00}.Release|Any CPU.ActiveCfg = Release|Any CPU
		{39FB13D6-C969-4A63-A89B-3B2220A05F00}.Release|Any CPU.Build.0 = Release|Any CPU
	EndGlobalSection
	GlobalSection(SolutionProperties) = preSolution
		HideSolutionNode = FALSE
	EndGlobalSection
	GlobalSection(ExtensibilityGlobals) = postSolution
		SolutionGuid = {1D65FA19-58A8-41DB-A226-AA737E1C5106}
	EndGlobalSection
EndGlobal
